
Microsoft Visual Studio Solution File, Format Version 12.00
# Visual Studio Version 17
VisualStudioVersion = 17.3.32811.315
MinimumVisualStudioVersion = 10.0.40219.1
Project("{FAE04EC0-301F-11D3-BF4B-00C04F79EFBC}") = "Text07", "Text07.csproj", "{1E8F5501-70F8-45A7-BFB1-23357F4B50F8}"
EndProject
Global
	GlobalSection(SolutionConfigurationPlatforms) = preSolution
		Debug|Any CPU = Debug|Any CPU
		Release|Any CPU = Release|Any CPU
	EndGlobalSection
	GlobalSection(ProjectConfigurationPlatforms) = postSolution
		{1E8F5501-70F8-45A7-BFB1-23357F4B50F8}.Debug|Any CPU.ActiveCfg = Debug|Any CPU
		{1E8F5501-70F8-45A7-BFB1-23357F4B50F8}.Debug|Any CPU.Build.0 = Debug|Any CPU
		{1E8F5501-70F8-45A7-BFB1-23357F4B50F8}.Release|Any CPU.ActiveCfg = Release|Any CPU
		{1E8F5501-70F8-45A7-BFB1-23357F4B50F8}.Release|Any CPU.Build.0 = Release|Any CPU
	EndGlobalSection
	GlobalSection(SolutionProperties) = preSolution
		HideSolutionNode = FALSE
	EndGlobalSection
	GlobalSection(ExtensibilityGlobals) = postSolution
		SolutionGuid = {A3397B62-51F2-4829-80A7-CC5001984CB9}
	EndGlobalSection
EndGlobal
